<Solution>
  <Configurations>
    <Platform Name="Any CPU" />
    <Platform Name="x64" />
  </Configurations>
  <Folder Name="/Solution Items/">
    <File Path=".env" />
    <File Path=".env.example" /> 
    <File Path="compose.yaml" />
    <File Path="README.md" />
  </Folder>
  <Project Path="Suruga.Common/Suruga.Common.csproj" />
  <Project Path="Suruga.FFmpeg/Suruga.FFmpeg.csproj" />
  <Project Path="Suruga.PostProcessing/Suruga.PostProcessing.csproj" />
  <Project Path="Suruga/Suruga.csproj" />
</Solution>
